<?xml version="1.0" encoding="utf-8"?>
<Project ToolsVersion="4.0" xmlns="http://schemas.microsoft.com/developer/msbuild/2003">
  <ItemGroup>
    <ClCompile Include="Adresse.cpp" />
    <ClCompile Include="Article.cpp" />
    <ClCompile Include="Client.cpp" />
    <ClCompile Include="Commandes.cpp" />
    <ClCompile Include="Connection.cpp" />
    <ClCompile Include="CreateCommande.cpp" />
    <ClCompile Include="CreatePerson.cpp" />
    <ClCompile Include="Controleur.cpp" />
    <ClCompile Include="LogIn.cpp" />
    <ClCompile Include="MenuPrincipal.cpp" />
    <ClCompile Include="MyProfile1.cpp" />
    <ClCompile Include="Personnel.cpp" />
    <ClCompile Include="Stats.cpp" />
    <ClCompile Include="Stocks.cpp" />
    <ClCompile Include="TableauBord.cpp" />
    <ClCompile Include="gestionPersonnel.cpp" />
    <ClCompile Include="ModifierPersonnel.cpp" />
    <ClCompile Include="ModifArticle.cpp" />
    <ClCompile Include="ModifCommande.cpp" />
  </ItemGroup>
  <ItemGroup>
    <ClInclude Include="Adresse.h" />
    <ClInclude Include="Article.h" />
    <ClInclude Include="Client.h" />
    <ClInclude Include="Commandes.h" />
    <ClInclude Include="Connection.h" />
    <ClInclude Include="CreateCommande.h" />
    <ClInclude Include="CreatePerson.h" />
    <ClInclude Include="Controleur.h" />
    <ClInclude Include="gestionProfile.h" />
    <ClInclude Include="LogIn.h" />
    <ClInclude Include="MenuPrincipal.h" />
    <ClInclude Include="MyProfile1.h" />
    <ClInclude Include="Personnel.h" />
    <ClInclude Include="Stats.h" />
    <ClInclude Include="Stocks.h" />
    <ClInclude Include="TableauBord.h" />
    <ClInclude Include="gestionPersonnel.h" />
    <ClInclude Include="ModifierPersonnel.h" />
    <ClInclude Include="ModifArticle.h" />
    <ClInclude Include="ModifCommande.h" />
  </ItemGroup>
  <ItemGroup>
    <Image Include="..\..\..\..\..\next.png" />
    <Image Include="..\..\..\..\..\Warning.png" />
    <Image Include="resources\client.png" />
    <Image Include="resources\commande.png" />
    <Image Include="resources\employeBig.png" />
    <Image Include="resources\employeMini.png" />
    <Image Include="resources\Home.png" />
    <Image Include="resources\passVisiblePink.png" />
    <Image Include="resources\passVisiblePurple.png" />
    <Image Include="resources\personnel.png" />
    <Image Include="resources\Settings.png" />
    <Image Include="resources\stats.png" />
    <Image Include="resources\Stock.png" />
    <Image Include="resources\user.png" />
  </ItemGroup>
</Project>